
Microsoft Visual Studio Solution File, Format Version 12.00
# Visual Studio Version 17
VisualStudioVersion = 17.14.36414.22
MinimumVisualStudioVersion = 10.0.40219.1
Project("{8BC9CEB8-8B4A-11D0-8D11-00A0C91BC942}") = "ConsoleApplication1", "ConsoleApplication1\ConsoleApplication1.vcxproj", "{EBA2C3D9-7456-43EE-85B9-E0A6629D4702}"
EndProject
Project("{8BC9CEB8-8B4A-11D0-8D11-00A0C91BC942}") = "LoopDoWhileConsoleApplication", "LoopDoWhileConsoleApplication\LoopDoWhileConsoleApplication.vcxproj", "{4503330D-BF0C-4F82-A78D-C76B408D2BE2}"
EndProject
Project("{2150E333-8FDC-42A3-9474-1A3956D46DE8}") = "01. basics", "01. basics", "{02EA681E-C7D8-13C7-8484-4AC65E1B71E8}"
EndProject
Project("{2150E333-8FDC-42A3-9474-1A3956D46DE8}") = "02. Variable", "02. Variable", "{CE1BF90B-32AE-4D90-99EB-DE636E0352F6}"
EndProject
Project("{2150E333-8FDC-42A3-9474-1A3956D46DE8}") = "03. Decision instructions", "03. Decision instructions", "{5FFEE1FE-B6A7-4931-8F9B-58E493B2A16F}"
EndProject
Global
	GlobalSection(SolutionConfigurationPlatforms) = preSolution
		Debug|x64 = Debug|x64
		Debug|x86 = Debug|x86
		Release|x64 = Release|x64
		Release|x86 = Release|x86
	EndGlobalSection
	GlobalSection(ProjectConfigurationPlatforms) = postSolution
		{EBA2C3D9-7456-43EE-85B9-E0A6629D4702}.Debug|x64.ActiveCfg = Debug|x64
		{EBA2C3D9-7456-43EE-85B9-E0A6629D4702}.Debug|x64.Build.0 = Debug|x64
		{EBA2C3D9-7456-43EE-85B9-E0A6629D4702}.Debug|x86.ActiveCfg = Debug|Win32
		{EBA2C3D9-7456-43EE-85B9-E0A6629D4702}.Debug|x86.Build.0 = Debug|Win32
		{EBA2C3D9-7456-43EE-85B9-E0A6629D4702}.Release|x64.ActiveCfg = Release|x64
		{EBA2C3D9-7456-43EE-85B9-E0A6629D4702}.Release|x64.Build.0 = Release|x64
		{EBA2C3D9-7456-43EE-85B9-E0A6629D4702}.Release|x86.ActiveCfg = Release|Win32
		{EBA2C3D9-7456-43EE-85B9-E0A6629D4702}.Release|x86.Build.0 = Release|Win32
		{4503330D-BF0C-4F82-A78D-C76B408D2BE2}.Debug|x64.ActiveCfg = Debug|x64
		{4503330D-BF0C-4F82-A78D-C76B408D2BE2}.Debug|x64.Build.0 = Debug|x64
		{4503330D-BF0C-4F82-A78D-C76B408D2BE2}.Debug|x86.ActiveCfg = Debug|Win32
		{4503330D-BF0C-4F82-A78D-C76B408D2BE2}.Debug|x86.Build.0 = Debug|Win32
		{4503330D-BF0C-4F82-A78D-C76B408D2BE2}.Release|x64.ActiveCfg = Release|x64
		{4503330D-BF0C-4F82-A78D-C76B408D2BE2}.Release|x64.Build.0 = Release|x64
		{4503330D-BF0C-4F82-A78D-C76B408D2BE2}.Release|x86.ActiveCfg = Release|Win32
		{4503330D-BF0C-4F82-A78D-C76B408D2BE2}.Release|x86.Build.0 = Release|Win32
	EndGlobalSection
	GlobalSection(SolutionProperties) = preSolution
		HideSolutionNode = FALSE
	EndGlobalSection
	GlobalSection(NestedProjects) = preSolution
		{EBA2C3D9-7456-43EE-85B9-E0A6629D4702} = {02EA681E-C7D8-13C7-8484-4AC65E1B71E8}
		{4503330D-BF0C-4F82-A78D-C76B408D2BE2} = {5FFEE1FE-B6A7-4931-8F9B-58E493B2A16F}
	EndGlobalSection
	GlobalSection(ExtensibilityGlobals) = postSolution
		SolutionGuid = {4752D000-4F7F-4C30-9C31-E35B6F69B777}
	EndGlobalSection
EndGlobal
